
Microsoft Visual Studio Solution File, Format Version 12.00
# Visual Studio Version 16
VisualStudioVersion = 16.0.31005.135
MinimumVisualStudioVersion = 10.0.40219.1
Project("{FAE04EC0-301F-11D3-BF4B-00C04F79EFBC}") = "WebApplication1", "WebApplication1\WebApplication1.csproj", "{AB9CA2F8-0ACA-471F-8CB1-DA70471C980A}"
EndProject
Global
	GlobalSection(SolutionConfigurationPlatforms) = preSolution
		Debug|Any CPU = Debug|Any CPU
		Release|Any CPU = Release|Any CPU
	EndGlobalSection
	GlobalSection(ProjectConfigurationPlatforms) = postSolution
		{AB9CA2F8-0ACA-471F-8CB1-DA70471C980A}.Debug|Any CPU.ActiveCfg = Debug|Any CPU
		{AB9CA2F8-0ACA-471F-8CB1-DA70471C980A}.Debug|Any CPU.Build.0 = Debug|Any CPU
		{AB9CA2F8-0ACA-471F-8CB1-DA70471C980A}.Release|Any CPU.ActiveCfg = Release|Any CPU
		{AB9CA2F8-0ACA-471F-8CB1-DA70471C980A}.Release|Any CPU.Build.0 = Release|Any CPU
	EndGlobalSection
	GlobalSection(SolutionProperties) = preSolution
		HideSolutionNode = FALSE
	EndGlobalSection
	GlobalSection(ExtensibilityGlobals) = postSolution
		SolutionGuid = {BA132FAE-A8AF-4E2E-8BB6-A9A8FA1C4228}
	EndGlobalSection
EndGlobal
